
Microsoft Visual Studio Solution File, Format Version 12.00
# Visual Studio Version 16
VisualStudioVersion = 16.0.30523.141
MinimumVisualStudioVersion = 10.0.40219.1
Project("{FAE04EC0-301F-11D3-BF4B-00C04F79EFBC}") = "HomeAccounting", "HomeAccounting\HomeAccounting.csproj", "{4792D08E-05D9-4E71-8996-B223DC557C8F}"
EndProject
Project("{FAE04EC0-301F-11D3-BF4B-00C04F79EFBC}") = "HomeAccountingTests", "HomeAccountingTests\HomeAccountingTests.csproj", "{3D9D46D1-372D-4485-8FE8-D002E70DD8CE}"
EndProject
Global
	GlobalSection(SolutionConfigurationPlatforms) = preSolution
		Debug|Any CPU = Debug|Any CPU
		Release|Any CPU = Release|Any CPU
	EndGlobalSection
	GlobalSection(ProjectConfigurationPlatforms) = postSolution
		{4792D08E-05D9-4E71-8996-B223DC557C8F}.Debug|Any CPU.ActiveCfg = Debug|Any CPU
		{4792D08E-05D9-4E71-8996-B223DC557C8F}.Debug|Any CPU.Build.0 = Debug|Any CPU
		{4792D08E-05D9-4E71-8996-B223DC557C8F}.Release|Any CPU.ActiveCfg = Release|Any CPU
		{4792D08E-05D9-4E71-8996-B223DC557C8F}.Release|Any CPU.Build.0 = Release|Any CPU
		{3D9D46D1-372D-4485-8FE8-D002E70DD8CE}.Debug|Any CPU.ActiveCfg = Debug|Any CPU
		{3D9D46D1-372D-4485-8FE8-D002E70DD8CE}.Debug|Any CPU.Build.0 = Debug|Any CPU
		{3D9D46D1-372D-4485-8FE8-D002E70DD8CE}.Release|Any CPU.ActiveCfg = Release|Any CPU
		{3D9D46D1-372D-4485-8FE8-D002E70DD8CE}.Release|Any CPU.Build.0 = Release|Any CPU
	EndGlobalSection
	GlobalSection(SolutionProperties) = preSolution
		HideSolutionNode = FALSE
	EndGlobalSection
	GlobalSection(ExtensibilityGlobals) = postSolution
		SolutionGuid = {9F1D5A37-974E-4AB5-A8C4-01D608F7A85E}
	EndGlobalSection
EndGlobal
